// !$*UTF8*$!
{
	archiveVersion = 1;
	classes = {
	};
	objectVersion = 50;
	objects = {

/* Begin PBXBuildFile section */
		F3A09DBF258438B100551699 /* SceneDelegate.swift in Sources */ = {isa = PBXBuildFile; fileRef = F3A09DBE258438B100551699 /* SceneDelegate.swift */; };
		F3A09DC1258438B100551699 /* ViewController.swift in Sources */ = {isa = PBXBuildFile; fileRef = F3A09DC0258438B100551699 /* ViewController.swift */; };
		F3A09DC6258438B200551699 /* Assets.xcassets in Resources */ = {isa = PBXBuildFile; fileRef = F3A09DC5258438B200551699 /* Assets.xcassets */; };
		F3A09DC9258438B200551699 /* LaunchScreen.storyboard in Resources */ = {isa = PBXBuildFile; fileRef = F3A09DC7258438B200551699 /* LaunchScreen.storyboard */; };
		F3A09DD9258452EB00551699 /* SwatchesViewController.swift in Sources */ = {isa = PBXBuildFile; fileRef = F3A09DD8258452EB00551699 /* SwatchesViewController.swift */; };
		F3A09DDB2584579200551699 /* SlideUpViewCell.swift in Sources */ = {isa = PBXBuildFile; fileRef = F3A09DDA2584579200551699 /* SlideUpViewCell.swift */; };
		F3A09DDD2584707700551699 /* ColorObjects.swift in Sources */ = {isa = PBXBuildFile; fileRef = F3A09DD42584517C00551699 /* ColorObjects.swift */; };
		F3A09DDE2584707D00551699 /* StorageHandler.swift in Sources */ = {isa = PBXBuildFile; fileRef = F3A09DD02584507E00551699 /* StorageHandler.swift */; };
		F3A09DE0258470A800551699 /* AppDelegate.swift in Sources */ = {isa = PBXBuildFile; fileRef = F3A09DBC258438B100551699 /* AppDelegate.swift */; };
		F3A09DE1258470EE00551699 /* UIExtensions.swift in Sources */ = {isa = PBXBuildFile; fileRef = F3A09DD6258451B900551699 /* UIExtensions.swift */; };
		F3A09DE325847BC000551699 /* Main.storyboard in Resources */ = {isa = PBXBuildFile; fileRef = F3A09DC2258438B100551699 /* Main.storyboard */; };
		F3A09DE525847E9B00551699 /* GalleryViewController.swift in Sources */ = {isa = PBXBuildFile; fileRef = F3A09DE425847E9B00551699 /* GalleryViewController.swift */; };
		F3A09DE725847FB100551699 /* DrawingViewController.swift in Sources */ = {isa = PBXBuildFile; fileRef = F3A09DE625847FB100551699 /* DrawingViewController.swift */; };
		F3A09DE92584832200551699 /* DrawingStorageHandler.swift in Sources */ = {isa = PBXBuildFile; fileRef = F3A09DE82584832200551699 /* DrawingStorageHandler.swift */; };
		F3A09DED2584842000551699 /* DrawingObjects.swift in Sources */ = {isa = PBXBuildFile; fileRef = F3A09DEC2584842000551699 /* DrawingObjects.swift */; };
		F3A09DEF2588009400551699 /* DrawingPad.swift in Sources */ = {isa = PBXBuildFile; fileRef = F3A09DEE2588009400551699 /* DrawingPad.swift */; };
/* End PBXBuildFile section */

/* Begin PBXFileReference section */
		F3A09DB9258438B100551699 /* Drawing App.app */ = {isa = PBXFileReference; explicitFileType = wrapper.application; includeInIndex = 0; path = "Drawing App.app"; sourceTree = BUILT_PRODUCTS_DIR; };
		F3A09DBC258438B100551699 /* AppDelegate.swift */ = {isa = PBXFileReference; lastKnownFileType = sourcecode.swift; path = AppDelegate.swift; sourceTree = "<group>"; };
		F3A09DBE258438B100551699 /* SceneDelegate.swift */ = {isa = PBXFileReference; lastKnownFileType = sourcecode.swift; path = SceneDelegate.swift; sourceTree = "<group>"; };
		F3A09DC0258438B100551699 /* ViewController.swift */ = {isa = PBXFileReference; lastKnownFileType = sourcecode.swift; path = ViewController.swift; sourceTree = "<group>"; };
		F3A09DC3258438B100551699 /* Base */ = {isa = PBXFileReference; lastKnownFileType = file.storyboard; name = Base; path = Base.lproj/Main.storyboard; sourceTree = "<group>"; };
		F3A09DC5258438B200551699 /* Assets.xcassets */ = {isa = PBXFileReference; lastKnownFileType = folder.assetcatalog; path = Assets.xcassets; sourceTree = "<group>"; };
		F3A09DC8258438B200551699 /* Base */ = {isa = PBXFileReference; lastKnownFileType = file.storyboard; name = Base; path = Base.lproj/LaunchScreen.storyboard; sourceTree = "<group>"; };
		F3A09DCA258438B200551699 /* Info.plist */ = {isa = PBXFileReference; lastKnownFileType = text.plist.xml; path = Info.plist; sourceTree = "<group>"; };
		F3A09DD02584507E00551699 /* StorageHandler.swift */ = {isa = PBXFileReference; lastKnownFileType = sourcecode.swift; path = StorageHandler.swift; sourceTree = "<group>"; };
		F3A09DD42584517C00551699 /* ColorObjects.swift */ = {isa = PBXFileReference; lastKnownFileType = sourcecode.swift; path = ColorObjects.swift; sourceTree = "<group>"; };
		F3A09DD6258451B900551699 /* UIExtensions.swift */ = {isa = PBXFileReference; lastKnownFileType = sourcecode.swift; path = UIExtensions.swift; sourceTree = "<group>"; };
		F3A09DD8258452EB00551699 /* SwatchesViewController.swift */ = {isa = PBXFileReference; lastKnownFileType = sourcecode.swift; path = SwatchesViewController.swift; sourceTree = "<group>"; };
		F3A09DDA2584579200551699 /* SlideUpViewCell.swift */ = {isa = PBXFileReference; lastKnownFileType = sourcecode.swift; path = SlideUpViewCell.swift; sourceTree = "<group>"; };
		F3A09DE425847E9B00551699 /* GalleryViewController.swift */ = {isa = PBXFileReference; lastKnownFileType = sourcecode.swift; path = GalleryViewController.swift; sourceTree = "<group>"; };
		F3A09DE625847FB100551699 /* DrawingViewController.swift */ = {isa = PBXFileReference; lastKnownFileType = sourcecode.swift; path = DrawingViewController.swift; sourceTree = "<group>"; };
		F3A09DE82584832200551699 /* DrawingStorageHandler.swift */ = {isa = PBXFileReference; lastKnownFileType = sourcecode.swift; path = DrawingStorageHandler.swift; sourceTree = "<group>"; };
		F3A09DEC2584842000551699 /* DrawingObjects.swift */ = {isa = PBXFileReference; lastKnownFileType = sourcecode.swift; path = DrawingObjects.swift; sourceTree = "<group>"; };
		F3A09DEE2588009400551699 /* DrawingPad.swift */ = {isa = PBXFileReference; lastKnownFileType = sourcecode.swift; path = DrawingPad.swift; sourceTree = "<group>"; };
/* End PBXFileReference section */

/* Begin PBXFrameworksBuildPhase section */
		F3A09DB6258438B100551699 /* Frameworks */ = {
			isa = PBXFrameworksBuildPhase;
			buildActionMask = 2147483647;
			files = (
			);
			runOnlyForDeploymentPostprocessing = 0;
		};
/* End PBXFrameworksBuildPhase section */

/* Begin PBXGroup section */
		F3A09DB0258438B100551699 = {
			isa = PBXGroup;
			children = (
				F3A09DBB258438B100551699 /* Drawing App */,
				F3A09DBA258438B100551699 /* Products */,
			);
			sourceTree = "<group>";
		};
		F3A09DBA258438B100551699 /* Products */ = {
			isa = PBXGroup;
			children = (
				F3A09DB9258438B100551699 /* Drawing App.app */,
			);
			name = Products;
			sourceTree = "<group>";
		};
		F3A09DBB258438B100551699 /* Drawing App */ = {
			isa = PBXGroup;
			children = (
				F3A09DBC258438B100551699 /* AppDelegate.swift */,
				F3A09DBE258438B100551699 /* SceneDelegate.swift */,
				F3A09DC0258438B100551699 /* ViewController.swift */,
				F3A09DC2258438B100551699 /* Main.storyboard */,
				F3A09DC5258438B200551699 /* Assets.xcassets */,
				F3A09DCA258438B200551699 /* Info.plist */,
				F3A09DC7258438B200551699 /* LaunchScreen.storyboard */,
				F3A09DD8258452EB00551699 /* SwatchesViewController.swift */,
				F3A09DD02584507E00551699 /* StorageHandler.swift */,
				F3A09DD42584517C00551699 /* ColorObjects.swift */,
				F3A09DDA2584579200551699 /* SlideUpViewCell.swift */,
				F3A09DD6258451B900551699 /* UIExtensions.swift */,
				F3A09DE625847FB100551699 /* DrawingViewController.swift */,
				F3A09DEE2588009400551699 /* DrawingPad.swift */,
				F3A09DE425847E9B00551699 /* GalleryViewController.swift */,
				F3A09DE82584832200551699 /* DrawingStorageHandler.swift */,
				F3A09DEC2584842000551699 /* DrawingObjects.swift */,
			);
			path = "Drawing App";
			sourceTree = "<group>";
		};
/* End PBXGroup section */

/* Begin PBXNativeTarget section */
		F3A09DB8258438B100551699 /* Drawing App */ = {
			isa = PBXNativeTarget;
			buildConfigurationList = F3A09DCD258438B200551699 /* Build configuration list for PBXNativeTarget "Drawing App" */;
			buildPhases = (
				F3A09DB5258438B100551699 /* Sources */,
				F3A09DB6258438B100551699 /* Frameworks */,
				F3A09DB7258438B100551699 /* Resources */,
			);
			buildRules = (
			);
			dependencies = (
			);
			name = "Drawing App";
			productName = "Drawing App";
			productReference = F3A09DB9258438B100551699 /* Drawing App.app */;
			productType = "com.apple.product-type.application";
		};
/* End PBXNativeTarget section */

/* Begin PBXProject section */
		F3A09DB1258438B100551699 /* Project object */ = {
			isa = PBXProject;
			attributes = {
				LastSwiftUpdateCheck = 1170;
				LastUpgradeCheck = 1170;
				ORGANIZATIONNAME = "Samantha Webster";
				TargetAttributes = {
					F3A09DB8258438B100551699 = {
						CreatedOnToolsVersion = 11.7;
					};
				};
			};
			buildConfigurationList = F3A09DB4258438B100551699 /* Build configuration list for PBXProject "Drawing App" */;
			compatibilityVersion = "Xcode 9.3";
			developmentRegion = en;
			hasScannedForEncodings = 0;
			knownRegions = (
				en,
				Base,
			);
			mainGroup = F3A09DB0258438B100551699;
			productRefGroup = F3A09DBA258438B100551699 /* Products */;
			projectDirPath = "";
			projectRoot = "";
			targets = (
				F3A09DB8258438B100551699 /* Drawing App */,
			);
		};
/* End PBXProject section */

/* Begin PBXResourcesBuildPhase section */
		F3A09DB7258438B100551699 /* Resources */ = {
			isa = PBXResourcesBuildPhase;
			buildActionMask = 2147483647;
			files = (
				F3A09DE325847BC000551699 /* Main.storyboard in Resources */,
				F3A09DC9258438B200551699 /* LaunchScreen.storyboard in Resources */,
				F3A09DC6258438B200551699 /* Assets.xcassets in Resources */,
			);
			runOnlyForDeploymentPostprocessing = 0;
		};
/* End PBXResourcesBuildPhase section */

/* Begin PBXSourcesBuildPhase section */
		F3A09DB5258438B100551699 /* Sources */ = {
			isa = PBXSourcesBuildPhase;
			buildActionMask = 2147483647;
			files = (
				F3A09DE0258470A800551699 /* AppDelegate.swift in Sources */,
				F3A09DC1258438B100551699 /* ViewController.swift in Sources */,
				F3A09DDB2584579200551699 /* SlideUpViewCell.swift in Sources */,
				F3A09DE1258470EE00551699 /* UIExtensions.swift in Sources */,
				F3A09DE92584832200551699 /* DrawingStorageHandler.swift in Sources */,
				F3A09DDE2584707D00551699 /* StorageHandler.swift in Sources */,
				F3A09DD9258452EB00551699 /* SwatchesViewController.swift in Sources */,
				F3A09DE525847E9B00551699 /* GalleryViewController.swift in Sources */,
				F3A09DDD2584707700551699 /* ColorObjects.swift in Sources */,
				F3A09DED2584842000551699 /* DrawingObjects.swift in Sources */,
				F3A09DBF258438B100551699 /* SceneDelegate.swift in Sources */,
				F3A09DEF2588009400551699 /* DrawingPad.swift in Sources */,
				F3A09DE725847FB100551699 /* DrawingViewController.swift in Sources */,
			);
			runOnlyForDeploymentPostprocessing = 0;
		};
/* End PBXSourcesBuildPhase section */

/* Begin PBXVariantGroup section */
		F3A09DC2258438B100551699 /* Main.storyboard */ = {
			isa = PBXVariantGroup;
			children = (
				F3A09DC3258438B100551699 /* Base */,
			);
			name = Main.storyboard;
			sourceTree = "<group>";
		};
		F3A09DC7258438B200551699 /* LaunchScreen.storyboard */ = {
			isa = PBXVariantGroup;
			children = (
				F3A09DC8258438B200551699 /* Base */,
			);
			name = LaunchScreen.storyboard;
			sourceTree = "<group>";
		};
/* End PBXVariantGroup section */

/* Begin XCBuildConfiguration section */
		F3A09DCB258438B200551699 /* Debug */ = {
			isa = XCBuildConfiguration;
			buildSettings = {
				ALWAYS_SEARCH_USER_PATHS = NO;
				CLANG_ANALYZER_NONNULL = YES;
				CLANG_ANALYZER_NUMBER_OBJECT_CONVERSION = YES_AGGRESSIVE;
				CLANG_CXX_LANGUAGE_STANDARD = "gnu++14";
				CLANG_CXX_LIBRARY = "libc++";
				CLANG_ENABLE_MODULES = YES;
				CLANG_ENABLE_OBJC_ARC = YES;
				CLANG_ENABLE_OBJC_WEAK = YES;
				CLANG_WARN_BLOCK_CAPTURE_AUTORELEASING = YES;
				CLANG_WARN_BOOL_CONVERSION = YES;
				CLANG_WARN_COMMA = YES;
				CLANG_WARN_CONSTANT_CONVERSION = YES;
				CLANG_WARN_DEPRECATED_OBJC_IMPLEMENTATIONS = YES;
				CLANG_WARN_DIRECT_OBJC_ISA_USAGE = YES_ERROR;
				CLANG_WARN_DOCUMENTATION_COMMENTS = YES;
				CLANG_WARN_EMPTY_BODY = YES;
				CLANG_WARN_ENUM_CONVERSION = YES;
				CLANG_WARN_INFINITE_RECURSION = YES;
				CLANG_WARN_INT_CONVERSION = YES;
				CLANG_WARN_NON_LITERAL_NULL_CONVERSION = YES;
				CLANG_WARN_OBJC_IMPLICIT_RETAIN_SELF = YES;
				CLANG_WARN_OBJC_LITERAL_CONVERSION = YES;
				CLANG_WARN_OBJC_ROOT_CLASS = YES_ERROR;
				CLANG_WARN_RANGE_LOOP_ANALYSIS = YES;
				CLANG_WARN_STRICT_PROTOTYPES = YES;
				CLANG_WARN_SUSPICIOUS_MOVE = YES;
				CLANG_WARN_UNGUARDED_AVAILABILITY = YES_AGGRESSIVE;
				CLANG_WARN_UNREACHABLE_CODE = YES;
				CLANG_WARN__DUPLICATE_METHOD_MATCH = YES;
				COPY_PHASE_STRIP = NO;
				DEBUG_INFORMATION_FORMAT = dwarf;
				ENABLE_STRICT_OBJC_MSGSEND = YES;
				ENABLE_TESTABILITY = YES;
				GCC_C_LANGUAGE_STANDARD = gnu11;
				GCC_DYNAMIC_NO_PIC = NO;
				GCC_NO_COMMON_BLOCKS = YES;
				GCC_OPTIMIZATION_LEVEL = 0;
				GCC_PREPROCESSOR_DEFINITIONS = (
					"DEBUG=1",
					"$(inherited)",
				);
				GCC_WARN_64_TO_32_BIT_CONVERSION = YES;
				GCC_WARN_ABOUT_RETURN_TYPE = YES_ERROR;
				GCC_WARN_UNDECLARED_SELECTOR = YES;
				GCC_WARN_UNINITIALIZED_AUTOS = YES_AGGRESSIVE;
				GCC_WARN_UNUSED_FUNCTION = YES;
				GCC_WARN_UNUSED_VARIABLE = YES;
				IPHONEOS_DEPLOYMENT_TARGET = 13.7;
				MTL_ENABLE_DEBUG_INFO = INCLUDE_SOURCE;
				MTL_FAST_MATH = YES;
				ONLY_ACTIVE_ARCH = YES;
				SDKROOT = iphoneos;
				SWIFT_ACTIVE_COMPILATION_CONDITIONS = DEBUG;
				SWIFT_OPTIMIZATION_LEVEL = "-Onone";
			};
			name = Debug;
		};
		F3A09DCC258438B200551699 /* Release */ = {
			isa = XCBuildConfiguration;
			buildSettings = {
				ALWAYS_SEARCH_USER_PATHS = NO;
				CLANG_ANALYZER_NONNULL = YES;
				CLANG_ANALYZER_NUMBER_OBJECT_CONVERSION = YES_AGGRESSIVE;
				CLANG_CXX_LANGUAGE_STANDARD = "gnu++14";
				CLANG_CXX_LIBRARY = "libc++";
				CLANG_ENABLE_MODULES = YES;
				CLANG_ENABLE_OBJC_ARC = YES;
				CLANG_ENABLE_OBJC_WEAK = YES;
				CLANG_WARN_BLOCK_CAPTURE_AUTORELEASING = YES;
				CLANG_WARN_BOOL_CONVERSION = YES;
				CLANG_WARN_COMMA = YES;
				CLANG_WARN_CONSTANT_CONVERSION = YES;
				CLANG_WARN_DEPRECATED_OBJC_IMPLEMENTATIONS = YES;
				CLANG_WARN_DIRECT_OBJC_ISA_USAGE = YES_ERROR;
				CLANG_WARN_DOCUMENTATION_COMMENTS = YES;
				CLANG_WARN_EMPTY_BODY = YES;
				CLANG_WARN_ENUM_CONVERSION = YES;
				CLANG_WARN_INFINITE_RECURSION = YES;
				CLANG_WARN_INT_CONVERSION = YES;
				CLANG_WARN_NON_LITERAL_NULL_CONVERSION = YES;
				CLANG_WARN_OBJC_IMPLICIT_RETAIN_SELF = YES;
				CLANG_WARN_OBJC_LITERAL_CONVERSION = YES;
				CLANG_WARN_OBJC_ROOT_CLASS = YES_ERROR;
				CLANG_WARN_RANGE_LOOP_ANALYSIS = YES;
				CLANG_WARN_STRICT_PROTOTYPES = YES;
				CLANG_WARN_SUSPICIOUS_MOVE = YES;
				CLANG_WARN_UNGUARDED_AVAILABILITY = YES_AGGRESSIVE;
				CLANG_WARN_UNREACHABLE_CODE = YES;
				CLANG_WARN__DUPLICATE_METHOD_MATCH = YES;
				COPY_PHASE_STRIP = NO;
				DEBUG_INFORMATION_FORMAT = "dwarf-with-dsym";
				ENABLE_NS_ASSERTIONS = NO;
				ENABLE_STRICT_OBJC_MSGSEND = YES;
				GCC_C_LANGUAGE_STANDARD = gnu11;
				GCC_NO_COMMON_BLOCKS = YES;
				GCC_WARN_64_TO_32_BIT_CONVERSION = YES;
				GCC_WARN_ABOUT_RETURN_TYPE = YES_ERROR;
				GCC_WARN_UNDECLARED_SELECTOR = YES;
				GCC_WARN_UNINITIALIZED_AUTOS = YES_AGGRESSIVE;
				GCC_WARN_UNUSED_FUNCTION = YES;
				GCC_WARN_UNUSED_VARIABLE = YES;
				IPHONEOS_DEPLOYMENT_TARGET = 13.7;
				MTL_ENABLE_DEBUG_INFO = NO;
				MTL_FAST_MATH = YES;
				SDKROOT = iphoneos;
				SWIFT_COMPILATION_MODE = wholemodule;
				SWIFT_OPTIMIZATION_LEVEL = "-O";
				VALIDATE_PRODUCT = YES;
			};
			name = Release;
		};
		F3A09DCE258438B200551699 /* Debug */ = {
			isa = XCBuildConfiguration;
			buildSettings = {
				ASSETCATALOG_COMPILER_APPICON_NAME = AppIcon;
				CODE_SIGN_STYLE = Automatic;
				DEVELOPMENT_TEAM = W37FVSD6YN;
				INFOPLIST_FILE = "Drawing App/Info.plist";
				LD_RUNPATH_SEARCH_PATHS = (
					"$(inherited)",
					"@executable_path/Frameworks",
				);
				PRODUCT_BUNDLE_IDENTIFIER = "School.Drawing-App";
				PRODUCT_NAME = "$(TARGET_NAME)";
				SWIFT_VERSION = 5.0;
				TARGETED_DEVICE_FAMILY = "1,2";
			};
			name = Debug;
		};
		F3A09DCF258438B200551699 /* Release */ = {
			isa = XCBuildConfiguration;
			buildSettings = {
				ASSETCATALOG_COMPILER_APPICON_NAME = AppIcon;
				CODE_SIGN_STYLE = Automatic;
				DEVELOPMENT_TEAM = W37FVSD6YN;
				INFOPLIST_FILE = "Drawing App/Info.plist";
				LD_RUNPATH_SEARCH_PATHS = (
					"$(inherited)",
					"@executable_path/Frameworks",
				);
				PRODUCT_BUNDLE_IDENTIFIER = "School.Drawing-App";
				PRODUCT_NAME = "$(TARGET_NAME)";
				SWIFT_VERSION = 5.0;
				TARGETED_DEVICE_FAMILY = "1,2";
			};
			name = Release;
		};
/* End XCBuildConfiguration section */

/* Begin XCConfigurationList section */
		F3A09DB4258438B100551699 /* Build configuration list for PBXProject "Drawing App" */ = {
			isa = XCConfigurationList;
			buildConfigurations = (
				F3A09DCB258438B200551699 /* Debug */,
				F3A09DCC258438B200551699 /* Release */,
			);
			defaultConfigurationIsVisible = 0;
			defaultConfigurationName = Release;
		};
		F3A09DCD258438B200551699 /* Build configuration list for PBXNativeTarget "Drawing App" */ = {
			isa = XCConfigurationList;
			buildConfigurations = (
				F3A09DCE258438B200551699 /* Debug */,
				F3A09DCF258438B200551699 /* Release */,
			);
			defaultConfigurationIsVisible = 0;
			defaultConfigurationName = Release;
		};
/* End XCConfigurationList section */
	};
	rootObject = F3A09DB1258438B100551699 /* Project object */;
}
